
Microsoft Visual Studio Solution File, Format Version 12.00
Project("{FAE04EC0-301F-11D3-BF4B-00C04F79EFBC}") = "PrzykwadoweKOL", "PrzykwadoweKOL\PrzykwadoweKOL.csproj", "{AA32C9D4-7978-4B3A-9558-01FC19254AD6}"
EndProject
Global
	GlobalSection(SolutionConfigurationPlatforms) = preSolution
		Debug|Any CPU = Debug|Any CPU
		Release|Any CPU = Release|Any CPU
	EndGlobalSection
	GlobalSection(ProjectConfigurationPlatforms) = postSolution
		{AA32C9D4-7978-4B3A-9558-01FC19254AD6}.Debug|Any CPU.ActiveCfg = Debug|Any CPU
		{AA32C9D4-7978-4B3A-9558-01FC19254AD6}.Debug|Any CPU.Build.0 = Debug|Any CPU
		{AA32C9D4-7978-4B3A-9558-01FC19254AD6}.Release|Any CPU.ActiveCfg = Release|Any CPU
		{AA32C9D4-7978-4B3A-9558-01FC19254AD6}.Release|Any CPU.Build.0 = Release|Any CPU
	EndGlobalSection
EndGlobal
